
Microsoft Visual Studio Solution File, Format Version 12.00
# Visual Studio Version 16
VisualStudioVersion = 16.0.29123.88
MinimumVisualStudioVersion = 10.0.40219.1
Project("{9A19103F-16F7-4668-BE54-9A1E7A4F7556}") = "AppleStocks", "AppleStocks.csproj", "{7CB73DDE-C0E8-48D4-8ACF-8E3A9BE73C1B}"
EndProject
Global
	GlobalSection(SolutionConfigurationPlatforms) = preSolution
		Debug|Any CPU = Debug|Any CPU
		Release|Any CPU = Release|Any CPU
	EndGlobalSection
	GlobalSection(ProjectConfigurationPlatforms) = postSolution
		{7CB73DDE-C0E8-48D4-8ACF-8E3A9BE73C1B}.Debug|Any CPU.ActiveCfg = Debug|Any CPU
		{7CB73DDE-C0E8-48D4-8ACF-8E3A9BE73C1B}.Debug|Any CPU.Build.0 = Debug|Any CPU
		{7CB73DDE-C0E8-48D4-8ACF-8E3A9BE73C1B}.Release|Any CPU.ActiveCfg = Release|Any CPU
		{7CB73DDE-C0E8-48D4-8ACF-8E3A9BE73C1B}.Release|Any CPU.Build.0 = Release|Any CPU
	EndGlobalSection
	GlobalSection(SolutionProperties) = preSolution
		HideSolutionNode = FALSE
	EndGlobalSection
	GlobalSection(ExtensibilityGlobals) = postSolution
		SolutionGuid = {5646A27E-9B66-45B0-92FB-5251CED73250}
	EndGlobalSection
EndGlobal
