
Microsoft Visual Studio Solution File, Format Version 12.00
# Visual Studio Version 16
VisualStudioVersion = 16.0.29123.88
MinimumVisualStudioVersion = 10.0.40219.1
Project("{FAE04EC0-301F-11D3-BF4B-00C04F79EFBC}") = "URLify", "URLify\URLify.csproj", "{EC8B7C4E-4977-4EE8-B21D-74595AEDA958}"
EndProject
Global
	GlobalSection(SolutionConfigurationPlatforms) = preSolution
		Debug|Any CPU = Debug|Any CPU
		Release|Any CPU = Release|Any CPU
	EndGlobalSection
	GlobalSection(ProjectConfigurationPlatforms) = postSolution
		{EC8B7C4E-4977-4EE8-B21D-74595AEDA958}.Debug|Any CPU.ActiveCfg = Debug|Any CPU
		{EC8B7C4E-4977-4EE8-B21D-74595AEDA958}.Debug|Any CPU.Build.0 = Debug|Any CPU
		{EC8B7C4E-4977-4EE8-B21D-74595AEDA958}.Release|Any CPU.ActiveCfg = Release|Any CPU
		{EC8B7C4E-4977-4EE8-B21D-74595AEDA958}.Release|Any CPU.Build.0 = Release|Any CPU
	EndGlobalSection
	GlobalSection(SolutionProperties) = preSolution
		HideSolutionNode = FALSE
	EndGlobalSection
	GlobalSection(ExtensibilityGlobals) = postSolution
		SolutionGuid = {BD3EE2BA-AD1B-4E5C-B81C-1421FAFF272E}
	EndGlobalSection
EndGlobal
