
Microsoft Visual Studio Solution File, Format Version 12.00
# Visual Studio Version 16
VisualStudioVersion = 16.0.29123.88
MinimumVisualStudioVersion = 10.0.40219.1
Project("{FAE04EC0-301F-11D3-BF4B-00C04F79EFBC}") = "Palindrome Permutation", "Palindrome Permutation\Palindrome Permutation.csproj", "{A2EF9D75-98E8-4666-A1F8-DC9DE373F081}"
EndProject
Global
	GlobalSection(SolutionConfigurationPlatforms) = preSolution
		Debug|Any CPU = Debug|Any CPU
		Release|Any CPU = Release|Any CPU
	EndGlobalSection
	GlobalSection(ProjectConfigurationPlatforms) = postSolution
		{A2EF9D75-98E8-4666-A1F8-DC9DE373F081}.Debug|Any CPU.ActiveCfg = Debug|Any CPU
		{A2EF9D75-98E8-4666-A1F8-DC9DE373F081}.Debug|Any CPU.Build.0 = Debug|Any CPU
		{A2EF9D75-98E8-4666-A1F8-DC9DE373F081}.Release|Any CPU.ActiveCfg = Release|Any CPU
		{A2EF9D75-98E8-4666-A1F8-DC9DE373F081}.Release|Any CPU.Build.0 = Release|Any CPU
	EndGlobalSection
	GlobalSection(SolutionProperties) = preSolution
		HideSolutionNode = FALSE
	EndGlobalSection
	GlobalSection(ExtensibilityGlobals) = postSolution
		SolutionGuid = {1694E743-7B27-4A3E-A0D8-1635B2BAD1B8}
	EndGlobalSection
EndGlobal
