
Microsoft Visual Studio Solution File, Format Version 12.00
# Visual Studio Version 16
VisualStudioVersion = 16.0.29123.88
MinimumVisualStudioVersion = 10.0.40219.1
Project("{FAE04EC0-301F-11D3-BF4B-00C04F79EFBC}") = "SwapTwoVariables", "SwapTwoVariables\SwapTwoVariables.csproj", "{496F31B0-1AE7-4531-9976-63876FC8B86C}"
EndProject
Global
	GlobalSection(SolutionConfigurationPlatforms) = preSolution
		Debug|Any CPU = Debug|Any CPU
		Release|Any CPU = Release|Any CPU
	EndGlobalSection
	GlobalSection(ProjectConfigurationPlatforms) = postSolution
		{496F31B0-1AE7-4531-9976-63876FC8B86C}.Debug|Any CPU.ActiveCfg = Debug|Any CPU
		{496F31B0-1AE7-4531-9976-63876FC8B86C}.Debug|Any CPU.Build.0 = Debug|Any CPU
		{496F31B0-1AE7-4531-9976-63876FC8B86C}.Release|Any CPU.ActiveCfg = Release|Any CPU
		{496F31B0-1AE7-4531-9976-63876FC8B86C}.Release|Any CPU.Build.0 = Release|Any CPU
	EndGlobalSection
	GlobalSection(SolutionProperties) = preSolution
		HideSolutionNode = FALSE
	EndGlobalSection
	GlobalSection(ExtensibilityGlobals) = postSolution
		SolutionGuid = {E4B4C988-0B18-457F-A300-2BB5E2C0AF86}
	EndGlobalSection
EndGlobal
